
Microsoft Visual Studio Solution File, Format Version 12.00
# Visual Studio Version 17
VisualStudioVersion = 17.1.32407.343
MinimumVisualStudioVersion = 10.0.40219.1
Project("{FAE04EC0-301F-11D3-BF4B-00C04F79EFBC}") = "ECWebAPI", "ECWebAPI\ECWebAPI.csproj", "{C27344F4-E53D-47C7-B35E-04033D78EA96}"
EndProject
Global
	GlobalSection(SolutionConfigurationPlatforms) = preSolution
		Debug|Any CPU = Debug|Any CPU
		Release|Any CPU = Release|Any CPU
	EndGlobalSection
	GlobalSection(ProjectConfigurationPlatforms) = postSolution
		{C27344F4-E53D-47C7-B35E-04033D78EA96}.Debug|Any CPU.ActiveCfg = Debug|Any CPU
		{C27344F4-E53D-47C7-B35E-04033D78EA96}.Debug|Any CPU.Build.0 = Debug|Any CPU
		{C27344F4-E53D-47C7-B35E-04033D78EA96}.Release|Any CPU.ActiveCfg = Release|Any CPU
		{C27344F4-E53D-47C7-B35E-04033D78EA96}.Release|Any CPU.Build.0 = Release|Any CPU
	EndGlobalSection
	GlobalSection(SolutionProperties) = preSolution
		HideSolutionNode = FALSE
	EndGlobalSection
	GlobalSection(ExtensibilityGlobals) = postSolution
		SolutionGuid = {18E985E6-3D1A-4CD8-AC61-8777865642EE}
	EndGlobalSection
EndGlobal
